github.com/thulasipavankumar/go-mod-math v1.0.0 h1:WUTg9bzyfwOoE5RL5bQg1vVr1jst9+GLiKRnK5cnKpI=
github.com/thulasipavankumar/go-mod-math v1.0.0/go.mod h1:WGOwb29g4EcFMoILh99aTose6kNWAdoq/cyc84n/UE0=
github.com/thulasipavankumar/go-mod-math v1.0.1 h1:dK8EbBEniOe0MeKih6vw41EiJKfVgEqFHs07vwt6V+o=
github.com/thulasipavankumar/go-mod-math v1.0.1/go.mod h1:WGOwb29g4EcFMoILh99aTose6kNWAdoq/cyc84n/UE0=
github.com/thulasipavankumar/go-mod-math v1.1.0 h1:hcl2FdpOej25nDJJqkIHVAd6qzV4eud0QcL4fKTonyY=
github.com/thulasipavankumar/go-mod-math v1.1.0/go.mod h1:WGOwb29g4EcFMoILh99aTose6kNWAdoq/cyc84n/UE0=
